
Microsoft Visual Studio Solution File, Format Version 12.00
# Visual Studio Version 17
VisualStudioVersion = 17.2.32526.322
MinimumVisualStudioVersion = 10.0.40219.1
Project("{FAE04EC0-301F-11D3-BF4B-00C04F79EFBC}") = "SaborDoSertão", "SaborDoSertão.csproj", "{C1D51A40-2FBA-4365-BBFF-6920CF1CD51B}"
EndProject
Global
	GlobalSection(SolutionConfigurationPlatforms) = preSolution
		Debug|Any CPU = Debug|Any CPU
		Release|Any CPU = Release|Any CPU
	EndGlobalSection
	GlobalSection(ProjectConfigurationPlatforms) = postSolution
		{C1D51A40-2FBA-4365-BBFF-6920CF1CD51B}.Debug|Any CPU.ActiveCfg = Debug|Any CPU
		{C1D51A40-2FBA-4365-BBFF-6920CF1CD51B}.Debug|Any CPU.Build.0 = Debug|Any CPU
		{C1D51A40-2FBA-4365-BBFF-6920CF1CD51B}.Release|Any CPU.ActiveCfg = Release|Any CPU
		{C1D51A40-2FBA-4365-BBFF-6920CF1CD51B}.Release|Any CPU.Build.0 = Release|Any CPU
	EndGlobalSection
	GlobalSection(SolutionProperties) = preSolution
		HideSolutionNode = FALSE
	EndGlobalSection
	GlobalSection(ExtensibilityGlobals) = postSolution
		SolutionGuid = {AFF4D0D6-B24E-414C-82AE-4DA26B912535}
	EndGlobalSection
EndGlobal
